{
  "requires": true,
  "lockfileVersion": 1,
  "dependencies": {
    "sorting-algorithms": {
      "version": "1.1.0",
      "resolved": "https://registry.npmjs.org/sorting-algorithms/-/sorting-algorithms-1.1.0.tgz",
      "integrity": "sha512-0gP+pDB0fs96RPEnXRAQut3xcfBVBNPGde+INqZyNn3xWrKl/C5BvJj217c5w56p+mFRILwmb37JewpGGbfr7w=="
    }
  }
}
